Microsoft Visual Studio Solution File, Format Version 9.00
# SharpDevelop 2.0.0.1710
Project("{FAE04EC0-301F-11D3-BF4B-00C04F79EFBC}") = "NotasDai", "NotasDai.csproj", "{1BF3C445-F115-4F20-B4F2-DD7E7F440069}"
EndProject
Global
	GlobalSection(SolutionConfigurationPlatforms) = preSolution
		Debug|Any CPU = Debug|Any CPU
		Release|Any CPU = Release|Any CPU
	EndGlobalSection
	GlobalSection(ProjectConfigurationPlatforms) = postSolution
		{1BF3C445-F115-4F20-B4F2-DD7E7F440069}.Debug|Any CPU.Build.0 = Debug|Any CPU
		{1BF3C445-F115-4F20-B4F2-DD7E7F440069}.Debug|Any CPU.ActiveCfg = Debug|Any CPU
		{1BF3C445-F115-4F20-B4F2-DD7E7F440069}.Release|Any CPU.Build.0 = Release|Any CPU
		{1BF3C445-F115-4F20-B4F2-DD7E7F440069}.Release|Any CPU.ActiveCfg = Release|Any CPU
	EndGlobalSection
EndGlobal
